// !$*UTF8*$!
{
	archiveVersion = 1;
	classes = {
	};
	objectVersion = 77;
	objects = {

/* Begin PBXBuildFile section */
		3214CD2A2DDA5C3D00C4A9B0 /* AshwaatIntents.appex in Embed ExtensionKit Extensions */ = {isa = PBXBuildFile; fileRef = 3214CD212DDA5C3D00C4A9B0 /* AshwaatIntents.appex */; settings = {ATTRIBUTES = (RemoveHeadersOnCopy, ); }; };
		321828902DD76F4D0093052E /* AppIntents.framework in Frameworks */ = {isa = PBXBuildFile; fileRef = 3218288F2DD76F4D0093052E /* AppIntents.framework */; settings = {ATTRIBUTES = (Required, ); }; };
		327123F02DCC80FF00CA17D3 /* Localizable.xcstrings in Resources */ = {isa = PBXBuildFile; fileRef = 327123EF2DCC80FF00CA17D3 /* Localizable.xcstrings */; };
		75903D932DE2DDF400AAE07D /* WidgetKit.framework in Frameworks */ = {isa = PBXBuildFile; fileRef = 75903D922DE2DDF400AAE07D /* WidgetKit.framework */; };
		75903D952DE2DDF400AAE07D /* SwiftUI.framework in Frameworks */ = {isa = PBXBuildFile; fileRef = 75903D942DE2DDF400AAE07D /* SwiftUI.framework */; };
		75903DA62DE2DDF500AAE07D /* TrackerLVExtension.appex in Embed Foundation Extensions */ = {isa = PBXBuildFile; fileRef = 75903D912DE2DDF400AAE07D /* TrackerLVExtension.appex */; settings = {ATTRIBUTES = (RemoveHeadersOnCopy, ); }; };
/* End PBXBuildFile section */

/* Begin PBXContainerItemProxy section */
		3214CD282DDA5C3D00C4A9B0 /* PBXContainerItemProxy */ = {
			isa = PBXContainerItemProxy;
			containerPortal = 3258FA5B2DCBD78E00413C98 /* Project object */;
			proxyType = 1;
			remoteGlobalIDString = 3214CD202DDA5C3D00C4A9B0;
			remoteInfo = AshwaatIntents;
		};
		3258FA742DCBD78F00413C98 /* PBXContainerItemProxy */ = {
			isa = PBXContainerItemProxy;
			containerPortal = 3258FA5B2DCBD78E00413C98 /* Project object */;
			proxyType = 1;
			remoteGlobalIDString = 3258FA622DCBD78E00413C98;
			remoteInfo = Ashwaat0.1;
		};
		3258FA7E2DCBD78F00413C98 /* PBXContainerItemProxy */ = {
			isa = PBXContainerItemProxy;
			containerPortal = 3258FA5B2DCBD78E00413C98 /* Project object */;
			proxyType = 1;
			remoteGlobalIDString = 3258FA622DCBD78E00413C98;
			remoteInfo = Ashwaat0.1;
		};
		75903DA42DE2DDF500AAE07D /* PBXContainerItemProxy */ = {
			isa = PBXContainerItemProxy;
			containerPortal = 3258FA5B2DCBD78E00413C98 /* Project object */;
			proxyType = 1;
			remoteGlobalIDString = 75903D902DE2DDF400AAE07D;
			remoteInfo = TrackerLVExtension;
		};
/* End PBXContainerItemProxy section */

/* Begin PBXCopyFilesBuildPhase section */
		3214CD2B2DDA5C3D00C4A9B0 /* Embed ExtensionKit Extensions */ = {
			isa = PBXCopyFilesBuildPhase;
			buildActionMask = 2147483647;
			dstPath = "$(EXTENSIONS_FOLDER_PATH)";
			dstSubfolderSpec = 16;
			files = (
				3214CD2A2DDA5C3D00C4A9B0 /* AshwaatIntents.appex in Embed ExtensionKit Extensions */,
			);
			name = "Embed ExtensionKit Extensions";
			runOnlyForDeploymentPostprocessing = 0;
		};
		75903DAB2DE2DDF500AAE07D /* Embed Foundation Extensions */ = {
			isa = PBXCopyFilesBuildPhase;
			buildActionMask = 2147483647;
			dstPath = "";
			dstSubfolderSpec = 13;
			files = (
				75903DA62DE2DDF500AAE07D /* TrackerLVExtension.appex in Embed Foundation Extensions */,
			);
			name = "Embed Foundation Extensions";
			runOnlyForDeploymentPostprocessing = 0;
		};
/* End PBXCopyFilesBuildPhase section */

/* Begin PBXFileReference section */
		3214CD212DDA5C3D00C4A9B0 /* AshwaatIntents.appex */ = {isa = PBXFileReference; explicitFileType = "wrapper.extensionkit-extension"; includeInIndex = 0; path = AshwaatIntents.appex; sourceTree = BUILT_PRODUCTS_DIR; };
		3218288B2DD750650093052E /* Ashwaat0.1.entitlements */ = {isa = PBXFileReference; lastKnownFileType = text.plist.entitlements; path = Ashwaat0.1.entitlements; sourceTree = "<group>"; };
		3218288F2DD76F4D0093052E /* AppIntents.framework */ = {isa = PBXFileReference; lastKnownFileType = wrapper.framework; name = AppIntents.framework; path = System/Library/Frameworks/AppIntents.framework; sourceTree = SDKROOT; };
		3258FA632DCBD78E00413C98 /* Ashwaat.app */ = {isa = PBXFileReference; explicitFileType = wrapper.application; includeInIndex = 0; path = Ashwaat.app; sourceTree = BUILT_PRODUCTS_DIR; };
		3258FA732DCBD78F00413C98 /* AshwaatTests.xctest */ = {isa = PBXFileReference; explicitFileType = wrapper.cfbundle; includeInIndex = 0; path = AshwaatTests.xctest; sourceTree = BUILT_PRODUCTS_DIR; };
		3258FA7D2DCBD78F00413C98 /* AshwaatUITests.xctest */ = {isa = PBXFileReference; explicitFileType = wrapper.cfbundle; includeInIndex = 0; path = AshwaatUITests.xctest; sourceTree = BUILT_PRODUCTS_DIR; };
		327123EF2DCC80FF00CA17D3 /* Localizable.xcstrings */ = {isa = PBXFileReference; lastKnownFileType = text.json.xcstrings; path = Localizable.xcstrings; sourceTree = "<group>"; };
		75903D912DE2DDF400AAE07D /* TrackerLVExtension.appex */ = {isa = PBXFileReference; explicitFileType = "wrapper.app-extension"; includeInIndex = 0; path = TrackerLVExtension.appex; sourceTree = BUILT_PRODUCTS_DIR; };
		75903D922DE2DDF400AAE07D /* WidgetKit.framework */ = {isa = PBXFileReference; lastKnownFileType = wrapper.framework; name = WidgetKit.framework; path = System/Library/Frameworks/WidgetKit.framework; sourceTree = SDKROOT; };
		75903D942DE2DDF400AAE07D /* SwiftUI.framework */ = {isa = PBXFileReference; lastKnownFileType = wrapper.framework; name = SwiftUI.framework; path = System/Library/Frameworks/SwiftUI.framework; sourceTree = SDKROOT; };
/* End PBXFileReference section */

/* Begin PBXFileSystemSynchronizedBuildFileExceptionSet section */
		3214CD2E2DDA5C3D00C4A9B0 /* Exceptions for "AshwaatIntents" folder in "AshwaatIntents" target */ = {
			isa = PBXFileSystemSynchronizedBuildFileExceptionSet;
			membershipExceptions = (
				AppIntents.swift,
				Info.plist,
			);
			target = 3214CD202DDA5C3D00C4A9B0 /* AshwaatIntents */;
		};
		3214CD332DDA5DD100C4A9B0 /* Exceptions for "AshwaatIntents" folder in "Ashwaat" target */ = {
			isa = PBXFileSystemSynchronizedBuildFileExceptionSet;
			membershipExceptions = (
				AppIntents.swift,
			);
			target = 3258FA622DCBD78E00413C98 /* Ashwaat */;
		};
		75903DAA2DE2DDF500AAE07D /* Exceptions for "TrackerLV" folder in "TrackerLVExtension" target */ = {
			isa = PBXFileSystemSynchronizedBuildFileExceptionSet;
			membershipExceptions = (
				Info.plist,
			);
			target = 75903D902DE2DDF400AAE07D /* TrackerLVExtension */;
		};
		75903DB12DE2E2E500AAE07D /* Exceptions for "Ashwaat0.1" folder in "TrackerLVExtension" target */ = {
			isa = PBXFileSystemSynchronizedBuildFileExceptionSet;
			membershipExceptions = (
				Models/TrackerAttributes.swift,
			);
			target = 75903D902DE2DDF400AAE07D /* TrackerLVExtension */;
		};
/* End PBXFileSystemSynchronizedBuildFileExceptionSet section */

/* Begin PBXFileSystemSynchronizedRootGroup section */
		3214CD222DDA5C3D00C4A9B0 /* AshwaatIntents */ = {
			isa = PBXFileSystemSynchronizedRootGroup;
			exceptions = (
				3214CD332DDA5DD100C4A9B0 /* Exceptions for "AshwaatIntents" folder in "Ashwaat" target */,
				3214CD2E2DDA5C3D00C4A9B0 /* Exceptions for "AshwaatIntents" folder in "AshwaatIntents" target */,
			);
			path = AshwaatIntents;
			sourceTree = "<group>";
		};
		3258FA652DCBD78E00413C98 /* Ashwaat0.1 */ = {
			isa = PBXFileSystemSynchronizedRootGroup;
			exceptions = (
				75903DB12DE2E2E500AAE07D /* Exceptions for "Ashwaat0.1" folder in "TrackerLVExtension" target */,
			);
			path = Ashwaat0.1;
			sourceTree = "<group>";
		};
		3258FA762DCBD78F00413C98 /* Ashwaat0.1Tests */ = {
			isa = PBXFileSystemSynchronizedRootGroup;
			path = Ashwaat0.1Tests;
			sourceTree = "<group>";
		};
		3258FA802DCBD78F00413C98 /* Ashwaat0.1UITests */ = {
			isa = PBXFileSystemSynchronizedRootGroup;
			path = Ashwaat0.1UITests;
			sourceTree = "<group>";
		};
		75903D962DE2DDF400AAE07D /* TrackerLV */ = {
			isa = PBXFileSystemSynchronizedRootGroup;
			exceptions = (
				75903DAA2DE2DDF500AAE07D /* Exceptions for "TrackerLV" folder in "TrackerLVExtension" target */,
			);
			path = TrackerLV;
			sourceTree = "<group>";
		};
/* End PBXFileSystemSynchronizedRootGroup section */

/* Begin PBXFrameworksBuildPhase section */
		3214CD1E2DDA5C3D00C4A9B0 /* Frameworks */ = {
			isa = PBXFrameworksBuildPhase;
			buildActionMask = 2147483647;
			files = (
			);
			runOnlyForDeploymentPostprocessing = 0;
		};
		3258FA602DCBD78E00413C98 /* Frameworks */ = {
			isa = PBXFrameworksBuildPhase;
			buildActionMask = 2147483647;
			files = (
				321828902DD76F4D0093052E /* AppIntents.framework in Frameworks */,
			);
			runOnlyForDeploymentPostprocessing = 0;
		};
		3258FA702DCBD78F00413C98 /* Frameworks */ = {
			isa = PBXFrameworksBuildPhase;
			buildActionMask = 2147483647;
			files = (
			);
			runOnlyForDeploymentPostprocessing = 0;
		};
		3258FA7A2DCBD78F00413C98 /* Frameworks */ = {
			isa = PBXFrameworksBuildPhase;
			buildActionMask = 2147483647;
			files = (
			);
			runOnlyForDeploymentPostprocessing = 0;
		};
		75903D8E2DE2DDF400AAE07D /* Frameworks */ = {
			isa = PBXFrameworksBuildPhase;
			buildActionMask = 2147483647;
			files = (
				75903D952DE2DDF400AAE07D /* SwiftUI.framework in Frameworks */,
				75903D932DE2DDF400AAE07D /* WidgetKit.framework in Frameworks */,
			);
			runOnlyForDeploymentPostprocessing = 0;
		};
/* End PBXFrameworksBuildPhase section */

/* Begin PBXGroup section */
		3218288E2DD76F4D0093052E /* Frameworks */ = {
			isa = PBXGroup;
			children = (
				3218288F2DD76F4D0093052E /* AppIntents.framework */,
				75903D922DE2DDF400AAE07D /* WidgetKit.framework */,
				75903D942DE2DDF400AAE07D /* SwiftUI.framework */,
			);
			name = Frameworks;
			sourceTree = "<group>";
		};
		3258FA5A2DCBD78E00413C98 = {
			isa = PBXGroup;
			children = (
				3218288B2DD750650093052E /* Ashwaat0.1.entitlements */,
				3258FA652DCBD78E00413C98 /* Ashwaat0.1 */,
				3258FA762DCBD78F00413C98 /* Ashwaat0.1Tests */,
				3258FA802DCBD78F00413C98 /* Ashwaat0.1UITests */,
				3214CD222DDA5C3D00C4A9B0 /* AshwaatIntents */,
				75903D962DE2DDF400AAE07D /* TrackerLV */,
				3258FA642DCBD78E00413C98 /* Products */,
				327123EF2DCC80FF00CA17D3 /* Localizable.xcstrings */,
				3218288E2DD76F4D0093052E /* Frameworks */,
			);
			sourceTree = "<group>";
		};
		3258FA642DCBD78E00413C98 /* Products */ = {
			isa = PBXGroup;
			children = (
				3258FA632DCBD78E00413C98 /* Ashwaat.app */,
				3258FA732DCBD78F00413C98 /* AshwaatTests.xctest */,
				3258FA7D2DCBD78F00413C98 /* AshwaatUITests.xctest */,
				3214CD212DDA5C3D00C4A9B0 /* AshwaatIntents.appex */,
				75903D912DE2DDF400AAE07D /* TrackerLVExtension.appex */,
			);
			name = Products;
			sourceTree = "<group>";
		};
/* End PBXGroup section */

/* Begin PBXNativeTarget section */
		3214CD202DDA5C3D00C4A9B0 /* AshwaatIntents */ = {
			isa = PBXNativeTarget;
			buildConfigurationList = 3214CD2F2DDA5C3D00C4A9B0 /* Build configuration list for PBXNativeTarget "AshwaatIntents" */;
			buildPhases = (
				3214CD1D2DDA5C3D00C4A9B0 /* Sources */,
				3214CD1E2DDA5C3D00C4A9B0 /* Frameworks */,
				3214CD1F2DDA5C3D00C4A9B0 /* Resources */,
			);
			buildRules = (
			);
			dependencies = (
			);
			fileSystemSynchronizedGroups = (
				3214CD222DDA5C3D00C4A9B0 /* AshwaatIntents */,
			);
			name = AshwaatIntents;
			packageProductDependencies = (
			);
			productName = AshwaatIntents;
			productReference = 3214CD212DDA5C3D00C4A9B0 /* AshwaatIntents.appex */;
			productType = "com.apple.product-type.extensionkit-extension";
		};
		3258FA622DCBD78E00413C98 /* Ashwaat */ = {
			isa = PBXNativeTarget;
			buildConfigurationList = 3258FA872DCBD78F00413C98 /* Build configuration list for PBXNativeTarget "Ashwaat" */;
			buildPhases = (
				3258FA5F2DCBD78E00413C98 /* Sources */,
				3258FA602DCBD78E00413C98 /* Frameworks */,
				3258FA612DCBD78E00413C98 /* Resources */,
				3214CD2B2DDA5C3D00C4A9B0 /* Embed ExtensionKit Extensions */,
				75903DAB2DE2DDF500AAE07D /* Embed Foundation Extensions */,
			);
			buildRules = (
			);
			dependencies = (
				3214CD292DDA5C3D00C4A9B0 /* PBXTargetDependency */,
				75903DA52DE2DDF500AAE07D /* PBXTargetDependency */,
			);
			fileSystemSynchronizedGroups = (
				3258FA652DCBD78E00413C98 /* Ashwaat0.1 */,
			);
			name = Ashwaat;
			packageProductDependencies = (
			);
			productName = Ashwaat0.1;
			productReference = 3258FA632DCBD78E00413C98 /* Ashwaat.app */;
			productType = "com.apple.product-type.application";
		};
		3258FA722DCBD78F00413C98 /* AshwaatTests */ = {
			isa = PBXNativeTarget;
			buildConfigurationList = 3258FA8A2DCBD78F00413C98 /* Build configuration list for PBXNativeTarget "AshwaatTests" */;
			buildPhases = (
				3258FA6F2DCBD78F00413C98 /* Sources */,
				3258FA702DCBD78F00413C98 /* Frameworks */,
				3258FA712DCBD78F00413C98 /* Resources */,
			);
			buildRules = (
			);
			dependencies = (
				3258FA752DCBD78F00413C98 /* PBXTargetDependency */,
			);
			fileSystemSynchronizedGroups = (
				3258FA762DCBD78F00413C98 /* Ashwaat0.1Tests */,
			);
			name = AshwaatTests;
			packageProductDependencies = (
			);
			productName = Ashwaat0.1Tests;
			productReference = 3258FA732DCBD78F00413C98 /* AshwaatTests.xctest */;
			productType = "com.apple.product-type.bundle.unit-test";
		};
		3258FA7C2DCBD78F00413C98 /* AshwaatUITests */ = {
			isa = PBXNativeTarget;
			buildConfigurationList = 3258FA8D2DCBD78F00413C98 /* Build configuration list for PBXNativeTarget "AshwaatUITests" */;
			buildPhases = (
				3258FA792DCBD78F00413C98 /* Sources */,
				3258FA7A2DCBD78F00413C98 /* Frameworks */,
				3258FA7B2DCBD78F00413C98 /* Resources */,
			);
			buildRules = (
			);
			dependencies = (
				3258FA7F2DCBD78F00413C98 /* PBXTargetDependency */,
			);
			fileSystemSynchronizedGroups = (
				3258FA802DCBD78F00413C98 /* Ashwaat0.1UITests */,
			);
			name = AshwaatUITests;
			packageProductDependencies = (
			);
			productName = Ashwaat0.1UITests;
			productReference = 3258FA7D2DCBD78F00413C98 /* AshwaatUITests.xctest */;
			productType = "com.apple.product-type.bundle.ui-testing";
		};
		75903D902DE2DDF400AAE07D /* TrackerLVExtension */ = {
			isa = PBXNativeTarget;
			buildConfigurationList = 75903DA72DE2DDF500AAE07D /* Build configuration list for PBXNativeTarget "TrackerLVExtension" */;
			buildPhases = (
				75903D8D2DE2DDF400AAE07D /* Sources */,
				75903D8E2DE2DDF400AAE07D /* Frameworks */,
				75903D8F2DE2DDF400AAE07D /* Resources */,
			);
			buildRules = (
			);
			dependencies = (
			);
			fileSystemSynchronizedGroups = (
				75903D962DE2DDF400AAE07D /* TrackerLV */,
			);
			name = TrackerLVExtension;
			packageProductDependencies = (
			);
			productName = TrackerLVExtension;
			productReference = 75903D912DE2DDF400AAE07D /* TrackerLVExtension.appex */;
			productType = "com.apple.product-type.app-extension";
		};
/* End PBXNativeTarget section */

/* Begin PBXProject section */
		3258FA5B2DCBD78E00413C98 /* Project object */ = {
			isa = PBXProject;
			attributes = {
				BuildIndependentTargetsInParallel = 1;
				LastSwiftUpdateCheck = 1630;
				LastUpgradeCheck = 1620;
				TargetAttributes = {
					3214CD202DDA5C3D00C4A9B0 = {
						CreatedOnToolsVersion = 16.2;
					};
					3258FA622DCBD78E00413C98 = {
						CreatedOnToolsVersion = 16.2;
					};
					3258FA722DCBD78F00413C98 = {
						CreatedOnToolsVersion = 16.2;
						TestTargetID = 3258FA622DCBD78E00413C98;
					};
					3258FA7C2DCBD78F00413C98 = {
						CreatedOnToolsVersion = 16.2;
						TestTargetID = 3258FA622DCBD78E00413C98;
					};
					75903D902DE2DDF400AAE07D = {
						CreatedOnToolsVersion = 16.3;
					};
				};
			};
			buildConfigurationList = 3258FA5E2DCBD78E00413C98 /* Build configuration list for PBXProject "Ashwaat" */;
			developmentRegion = en;
			hasScannedForEncodings = 0;
			knownRegions = (
				en,
				Base,
			);
			mainGroup = 3258FA5A2DCBD78E00413C98;
			minimizedProjectReferenceProxies = 1;
			preferredProjectObjectVersion = 77;
			productRefGroup = 3258FA642DCBD78E00413C98 /* Products */;
			projectDirPath = "";
			projectRoot = "";
			targets = (
				3258FA622DCBD78E00413C98 /* Ashwaat */,
				3258FA722DCBD78F00413C98 /* AshwaatTests */,
				3258FA7C2DCBD78F00413C98 /* AshwaatUITests */,
				3214CD202DDA5C3D00C4A9B0 /* AshwaatIntents */,
				75903D902DE2DDF400AAE07D /* TrackerLVExtension */,
			);
		};
/* End PBXProject section */

/* Begin PBXResourcesBuildPhase section */
		3214CD1F2DDA5C3D00C4A9B0 /* Resources */ = {
			isa = PBXResourcesBuildPhase;
			buildActionMask = 2147483647;
			files = (
			);
			runOnlyForDeploymentPostprocessing = 0;
		};
		3258FA612DCBD78E00413C98 /* Resources */ = {
			isa = PBXResourcesBuildPhase;
			buildActionMask = 2147483647;
			files = (
				327123F02DCC80FF00CA17D3 /* Localizable.xcstrings in Resources */,
			);
			runOnlyForDeploymentPostprocessing = 0;
		};
		3258FA712DCBD78F00413C98 /* Resources */ = {
			isa = PBXResourcesBuildPhase;
			buildActionMask = 2147483647;
			files = (
			);
			runOnlyForDeploymentPostprocessing = 0;
		};
		3258FA7B2DCBD78F00413C98 /* Resources */ = {
			isa = PBXResourcesBuildPhase;
			buildActionMask = 2147483647;
			files = (
			);
			runOnlyForDeploymentPostprocessing = 0;
		};
		75903D8F2DE2DDF400AAE07D /* Resources */ = {
			isa = PBXResourcesBuildPhase;
			buildActionMask = 2147483647;
			files = (
			);
			runOnlyForDeploymentPostprocessing = 0;
		};
/* End PBXResourcesBuildPhase section */

/* Begin PBXSourcesBuildPhase section */
		3214CD1D2DDA5C3D00C4A9B0 /* Sources */ = {
			isa = PBXSourcesBuildPhase;
			buildActionMask = 2147483647;
			files = (
			);
			runOnlyForDeploymentPostprocessing = 0;
		};
		3258FA5F2DCBD78E00413C98 /* Sources */ = {
			isa = PBXSourcesBuildPhase;
			buildActionMask = 2147483647;
			files = (
			);
			runOnlyForDeploymentPostprocessing = 0;
		};
		3258FA6F2DCBD78F00413C98 /* Sources */ = {
			isa = PBXSourcesBuildPhase;
			buildActionMask = 2147483647;
			files = (
			);
			runOnlyForDeploymentPostprocessing = 0;
		};
		3258FA792DCBD78F00413C98 /* Sources */ = {
			isa = PBXSourcesBuildPhase;
			buildActionMask = 2147483647;
			files = (
			);
			runOnlyForDeploymentPostprocessing = 0;
		};
		75903D8D2DE2DDF400AAE07D /* Sources */ = {
			isa = PBXSourcesBuildPhase;
			buildActionMask = 2147483647;
			files = (
			);
			runOnlyForDeploymentPostprocessing = 0;
		};
/* End PBXSourcesBuildPhase section */

/* Begin PBXTargetDependency section */
		3214CD292DDA5C3D00C4A9B0 /* PBXTargetDependency */ = {
			isa = PBXTargetDependency;
			target = 3214CD202DDA5C3D00C4A9B0 /* AshwaatIntents */;
			targetProxy = 3214CD282DDA5C3D00C4A9B0 /* PBXContainerItemProxy */;
		};
		3258FA752DCBD78F00413C98 /* PBXTargetDependency */ = {
			isa = PBXTargetDependency;
			target = 3258FA622DCBD78E00413C98 /* Ashwaat */;
			targetProxy = 3258FA742DCBD78F00413C98 /* PBXContainerItemProxy */;
		};
		3258FA7F2DCBD78F00413C98 /* PBXTargetDependency */ = {
			isa = PBXTargetDependency;
			target = 3258FA622DCBD78E00413C98 /* Ashwaat */;
			targetProxy = 3258FA7E2DCBD78F00413C98 /* PBXContainerItemProxy */;
		};
		75903DA52DE2DDF500AAE07D /* PBXTargetDependency */ = {
			isa = PBXTargetDependency;
			target = 75903D902DE2DDF400AAE07D /* TrackerLVExtension */;
			targetProxy = 75903DA42DE2DDF500AAE07D /* PBXContainerItemProxy */;
		};
/* End PBXTargetDependency section */

/* Begin XCBuildConfiguration section */
		3214CD2C2DDA5C3D00C4A9B0 /* Debug */ = {
			isa = XCBuildConfiguration;
			buildSettings = {
				CODE_SIGN_STYLE = Automatic;
				CURRENT_PROJECT_VERSION = 1;
				DEVELOPMENT_TEAM = WVVL9YZMLF;
				GENERATE_INFOPLIST_FILE = YES;
				INFOPLIST_FILE = AshwaatIntents/Info.plist;
				INFOPLIST_KEY_CFBundleDisplayName = AshwaatIntents;
				INFOPLIST_KEY_NSHumanReadableCopyright = "";
				LD_RUNPATH_SEARCH_PATHS = (
					"$(inherited)",
					"@executable_path/Frameworks",
					"@executable_path/../../Frameworks",
				);
				MARKETING_VERSION = 1.0;
				PRODUCT_BUNDLE_IDENTIFIER = com.Maryam.Ashwaat;
				PRODUCT_NAME = "$(TARGET_NAME)";
				SKIP_INSTALL = YES;
				SWIFT_EMIT_LOC_STRINGS = YES;
				SWIFT_VERSION = 5.0;
				TARGETED_DEVICE_FAMILY = "1,2";
			};
			name = Debug;
		};
		3214CD2D2DDA5C3D00C4A9B0 /* Release */ = {
			isa = XCBuildConfiguration;
			buildSettings = {
				CODE_SIGN_STYLE = Automatic;
				CURRENT_PROJECT_VERSION = 1;
				DEVELOPMENT_TEAM = WVVL9YZMLF;
				GENERATE_INFOPLIST_FILE = YES;
				INFOPLIST_FILE = AshwaatIntents/Info.plist;
				INFOPLIST_KEY_CFBundleDisplayName = AshwaatIntents;
				INFOPLIST_KEY_NSHumanReadableCopyright = "";
				LD_RUNPATH_SEARCH_PATHS = (
					"$(inherited)",
					"@executable_path/Frameworks",
					"@executable_path/../../Frameworks",
				);
				MARKETING_VERSION = 1.0;
				PRODUCT_BUNDLE_IDENTIFIER = com.Maryam.Ashwaat;
				PRODUCT_NAME = "$(TARGET_NAME)";
				SKIP_INSTALL = YES;
				SWIFT_EMIT_LOC_STRINGS = YES;
				SWIFT_VERSION = 5.0;
				TARGETED_DEVICE_FAMILY = "1,2";
			};
			name = Release;
		};
		3258FA852DCBD78F00413C98 /* Debug */ = {
			isa = XCBuildConfiguration;
			buildSettings = {
				ALWAYS_SEARCH_USER_PATHS = NO;
				ASSETCATALOG_COMPILER_GENERATE_SWIFT_ASSET_SYMBOL_EXTENSIONS = YES;
				CLANG_ANALYZER_NONNULL = YES;
				CLANG_ANALYZER_NUMBER_OBJECT_CONVERSION = YES_AGGRESSIVE;
				CLANG_CXX_LANGUAGE_STANDARD = "gnu++20";
				CLANG_ENABLE_MODULES = YES;
				CLANG_ENABLE_OBJC_ARC = YES;
				CLANG_ENABLE_OBJC_WEAK = YES;
				CLANG_WARN_BLOCK_CAPTURE_AUTORELEASING = YES;
				CLANG_WARN_BOOL_CONVERSION = YES;
				CLANG_WARN_COMMA = YES;
				CLANG_WARN_CONSTANT_CONVERSION = YES;
				CLANG_WARN_DEPRECATED_OBJC_IMPLEMENTATIONS = YES;
				CLANG_WARN_DIRECT_OBJC_ISA_USAGE = YES_ERROR;
				CLANG_WARN_DOCUMENTATION_COMMENTS = YES;
				CLANG_WARN_EMPTY_BODY = YES;
				CLANG_WARN_ENUM_CONVERSION = YES;
				CLANG_WARN_INFINITE_RECURSION = YES;
				CLANG_WARN_INT_CONVERSION = YES;
				CLANG_WARN_NON_LITERAL_NULL_CONVERSION = YES;
				CLANG_WARN_OBJC_IMPLICIT_RETAIN_SELF = YES;
				CLANG_WARN_OBJC_LITERAL_CONVERSION = YES;
				CLANG_WARN_OBJC_ROOT_CLASS = YES_ERROR;
				CLANG_WARN_QUOTED_INCLUDE_IN_FRAMEWORK_HEADER = YES;
				CLANG_WARN_RANGE_LOOP_ANALYSIS = YES;
				CLANG_WARN_STRICT_PROTOTYPES = YES;
				CLANG_WARN_SUSPICIOUS_MOVE = YES;
				CLANG_WARN_UNGUARDED_AVAILABILITY = YES_AGGRESSIVE;
				CLANG_WARN_UNREACHABLE_CODE = YES;
				CLANG_WARN__DUPLICATE_METHOD_MATCH = YES;
				COPY_PHASE_STRIP = NO;
				DEBUG_INFORMATION_FORMAT = dwarf;
				DEVELOPMENT_TEAM = WVVL9YZMLF;
				ENABLE_STRICT_OBJC_MSGSEND = YES;
				ENABLE_TESTABILITY = YES;
				ENABLE_USER_SCRIPT_SANDBOXING = YES;
				GCC_C_LANGUAGE_STANDARD = gnu17;
				GCC_DYNAMIC_NO_PIC = NO;
				GCC_NO_COMMON_BLOCKS = YES;
				GCC_OPTIMIZATION_LEVEL = 0;
				GCC_PREPROCESSOR_DEFINITIONS = (
					"DEBUG=1",
					"$(inherited)",
				);
				GCC_WARN_64_TO_32_BIT_CONVERSION = YES;
				GCC_WARN_ABOUT_RETURN_TYPE = YES_ERROR;
				GCC_WARN_UNDECLARED_SELECTOR = YES;
				GCC_WARN_UNINITIALIZED_AUTOS = YES_AGGRESSIVE;
				GCC_WARN_UNUSED_FUNCTION = YES;
				GCC_WARN_UNUSED_VARIABLE = YES;
				IPHONEOS_DEPLOYMENT_TARGET = 18.2;
				LOCALIZATION_PREFERS_STRING_CATALOGS = YES;
				MTL_ENABLE_DEBUG_INFO = INCLUDE_SOURCE;
				MTL_FAST_MATH = YES;
				ONLY_ACTIVE_ARCH = YES;
				SDKROOT = iphoneos;
				SWIFT_ACTIVE_COMPILATION_CONDITIONS = "DEBUG $(inherited)";
				SWIFT_OPTIMIZATION_LEVEL = "-Onone";
			};
			name = Debug;
		};
		3258FA862DCBD78F00413C98 /* Release */ = {
			isa = XCBuildConfiguration;
			buildSettings = {
				ALWAYS_SEARCH_USER_PATHS = NO;
				ASSETCATALOG_COMPILER_GENERATE_SWIFT_ASSET_SYMBOL_EXTENSIONS = YES;
				CLANG_ANALYZER_NONNULL = YES;
				CLANG_ANALYZER_NUMBER_OBJECT_CONVERSION = YES_AGGRESSIVE;
				CLANG_CXX_LANGUAGE_STANDARD = "gnu++20";
				CLANG_ENABLE_MODULES = YES;
				CLANG_ENABLE_OBJC_ARC = YES;
				CLANG_ENABLE_OBJC_WEAK = YES;
				CLANG_WARN_BLOCK_CAPTURE_AUTORELEASING = YES;
				CLANG_WARN_BOOL_CONVERSION = YES;
				CLANG_WARN_COMMA = YES;
				CLANG_WARN_CONSTANT_CONVERSION = YES;
				CLANG_WARN_DEPRECATED_OBJC_IMPLEMENTATIONS = YES;
				CLANG_WARN_DIRECT_OBJC_ISA_USAGE = YES_ERROR;
				CLANG_WARN_DOCUMENTATION_COMMENTS = YES;
				CLANG_WARN_EMPTY_BODY = YES;
				CLANG_WARN_ENUM_CONVERSION = YES;
				CLANG_WARN_INFINITE_RECURSION = YES;
				CLANG_WARN_INT_CONVERSION = YES;
				CLANG_WARN_NON_LITERAL_NULL_CONVERSION = YES;
				CLANG_WARN_OBJC_IMPLICIT_RETAIN_SELF = YES;
				CLANG_WARN_OBJC_LITERAL_CONVERSION = YES;
				CLANG_WARN_OBJC_ROOT_CLASS = YES_ERROR;
				CLANG_WARN_QUOTED_INCLUDE_IN_FRAMEWORK_HEADER = YES;
				CLANG_WARN_RANGE_LOOP_ANALYSIS = YES;
				CLANG_WARN_STRICT_PROTOTYPES = YES;
				CLANG_WARN_SUSPICIOUS_MOVE = YES;
				CLANG_WARN_UNGUARDED_AVAILABILITY = YES_AGGRESSIVE;
				CLANG_WARN_UNREACHABLE_CODE = YES;
				CLANG_WARN__DUPLICATE_METHOD_MATCH = YES;
				COPY_PHASE_STRIP = NO;
				DEBUG_INFORMATION_FORMAT = "dwarf-with-dsym";
				DEVELOPMENT_TEAM = WVVL9YZMLF;
				ENABLE_NS_ASSERTIONS = NO;
				ENABLE_STRICT_OBJC_MSGSEND = YES;
				ENABLE_USER_SCRIPT_SANDBOXING = YES;
				GCC_C_LANGUAGE_STANDARD = gnu17;
				GCC_NO_COMMON_BLOCKS = YES;
				GCC_WARN_64_TO_32_BIT_CONVERSION = YES;
				GCC_WARN_ABOUT_RETURN_TYPE = YES_ERROR;
				GCC_WARN_UNDECLARED_SELECTOR = YES;
				GCC_WARN_UNINITIALIZED_AUTOS = YES_AGGRESSIVE;
				GCC_WARN_UNUSED_FUNCTION = YES;
				GCC_WARN_UNUSED_VARIABLE = YES;
				IPHONEOS_DEPLOYMENT_TARGET = 18.2;
				LOCALIZATION_PREFERS_STRING_CATALOGS = YES;
				MTL_ENABLE_DEBUG_INFO = NO;
				MTL_FAST_MATH = YES;
				SDKROOT = iphoneos;
				SWIFT_COMPILATION_MODE = wholemodule;
				VALIDATE_PRODUCT = YES;
			};
			name = Release;
		};
		3258FA882DCBD78F00413C98 /* Debug */ = {
			isa = XCBuildConfiguration;
			buildSettings = {
				ASSETCATALOG_COMPILER_APPICON_NAME = AppIcon;
				ASSETCATALOG_COMPILER_GLOBAL_ACCENT_COLOR_NAME = AccentColor;
				CODE_SIGN_ENTITLEMENTS = Ashwaat0.1.entitlements;
				CODE_SIGN_STYLE = Automatic;
				CURRENT_PROJECT_VERSION = 1;
				DEVELOPMENT_ASSET_PATHS = "\"Ashwaat0.1/Preview Content\"";
				DEVELOPMENT_TEAM = WVVL9YZMLF;
				ENABLE_PREVIEWS = YES;
				GENERATE_INFOPLIST_FILE = YES;
				INFOPLIST_FILE = "Ashwaat0-1-Info.plist";
				INFOPLIST_KEY_CFBundleDisplayName = Ashwaat;
				INFOPLIST_KEY_NSLocationAlwaysAndWhenInUseUsageDescription = "We need your location to automatically track your Tawaf progress.";
				INFOPLIST_KEY_NSLocationWhenInUseUsageDescription = "We need your location to automatically track your Tawaf progress.";
				INFOPLIST_KEY_NSMotionUsageDescription = "We use motion data to count steps and improve accuracy during tracking.";
				INFOPLIST_KEY_NSSiriUsageDescription = "Allows Siri to start and manage a Tawaaf session in the app.";
				INFOPLIST_KEY_NSSupportsLiveActivities = YES;
				INFOPLIST_KEY_UIApplicationSceneManifest_Generation = YES;
				INFOPLIST_KEY_UIApplicationSupportsIndirectInputEvents = YES;
				INFOPLIST_KEY_UILaunchScreen_Generation = YES;
				INFOPLIST_KEY_UISupportedInterfaceOrientations = UIInterfaceOrientationPortrait;
				INFOPLIST_KEY_UISupportedInterfaceOrientations_iPad = "UIInterfaceOrientationLandscapeLeft UIInterfaceOrientationLandscapeRight UIInterfaceOrientationPortrait UIInterfaceOrientationPortraitUpsideDown";
				LD_RUNPATH_SEARCH_PATHS = (
					"$(inherited)",
					"@executable_path/Frameworks",
				);
				MARKETING_VERSION = 1.0;
				PRODUCT_BUNDLE_IDENTIFIER = com.Maryam.Ashwaat;
				PRODUCT_NAME = "$(TARGET_NAME)";
				SUPPORTED_PLATFORMS = "iphoneos iphonesimulator";
				SUPPORTS_MACCATALYST = NO;
				SUPPORTS_MAC_DESIGNED_FOR_IPHONE_IPAD = NO;
				SUPPORTS_XR_DESIGNED_FOR_IPHONE_IPAD = NO;
				SWIFT_EMIT_LOC_STRINGS = YES;
				SWIFT_VERSION = 5.0;
				TARGETED_DEVICE_FAMILY = "1,2";
			};
			name = Debug;
		};
		3258FA892DCBD78F00413C98 /* Release */ = {
			isa = XCBuildConfiguration;
			buildSettings = {
				ASSETCATALOG_COMPILER_APPICON_NAME = AppIcon;
				ASSETCATALOG_COMPILER_GLOBAL_ACCENT_COLOR_NAME = AccentColor;
				CODE_SIGN_ENTITLEMENTS = Ashwaat0.1.entitlements;
				CODE_SIGN_STYLE = Automatic;
				CURRENT_PROJECT_VERSION = 1;
				DEVELOPMENT_ASSET_PATHS = "\"Ashwaat0.1/Preview Content\"";
				DEVELOPMENT_TEAM = WVVL9YZMLF;
				ENABLE_PREVIEWS = YES;
				GENERATE_INFOPLIST_FILE = YES;
				INFOPLIST_FILE = "Ashwaat0-1-Info.plist";
				INFOPLIST_KEY_CFBundleDisplayName = Ashwaat;
				INFOPLIST_KEY_NSLocationAlwaysAndWhenInUseUsageDescription = "We need your location to automatically track your Tawaf progress.";
				INFOPLIST_KEY_NSLocationWhenInUseUsageDescription = "We need your location to automatically track your Tawaf progress.";
				INFOPLIST_KEY_NSMotionUsageDescription = "We use motion data to count steps and improve accuracy during tracking.";
				INFOPLIST_KEY_NSSiriUsageDescription = "Allows Siri to start and manage a Tawaaf session in the app.";
				INFOPLIST_KEY_NSSupportsLiveActivities = YES;
				INFOPLIST_KEY_UIApplicationSceneManifest_Generation = YES;
				INFOPLIST_KEY_UIApplicationSupportsIndirectInputEvents = YES;
				INFOPLIST_KEY_UILaunchScreen_Generation = YES;
				INFOPLIST_KEY_UISupportedInterfaceOrientations = UIInterfaceOrientationPortrait;
				INFOPLIST_KEY_UISupportedInterfaceOrientations_iPad = "UIInterfaceOrientationLandscapeLeft UIInterfaceOrientationLandscapeRight UIInterfaceOrientationPortrait UIInterfaceOrientationPortraitUpsideDown";
				LD_RUNPATH_SEARCH_PATHS = (
					"$(inherited)",
					"@executable_path/Frameworks",
				);
				MARKETING_VERSION = 1.0;
				PRODUCT_BUNDLE_IDENTIFIER = com.Maryam.Ashwaat;
				PRODUCT_NAME = "$(TARGET_NAME)";
				SUPPORTED_PLATFORMS = "iphoneos iphonesimulator";
				SUPPORTS_MACCATALYST = NO;
				SUPPORTS_MAC_DESIGNED_FOR_IPHONE_IPAD = NO;
				SUPPORTS_XR_DESIGNED_FOR_IPHONE_IPAD = NO;
				SWIFT_EMIT_LOC_STRINGS = YES;
				SWIFT_VERSION = 5.0;
				TARGETED_DEVICE_FAMILY = "1,2";
			};
			name = Release;
		};
		3258FA8B2DCBD78F00413C98 /* Debug */ = {
			isa = XCBuildConfiguration;
			buildSettings = {
				BUNDLE_LOADER = "$(TEST_HOST)";
				CODE_SIGN_STYLE = Automatic;
				CURRENT_PROJECT_VERSION = 1;
				DEVELOPMENT_TEAM = WVVL9YZMLF;
				GENERATE_INFOPLIST_FILE = YES;
				IPHONEOS_DEPLOYMENT_TARGET = 18.2;
				MARKETING_VERSION = 1.0;
				PRODUCT_BUNDLE_IDENTIFIER = "Maryam.Ashwaat0-1Tests";
				PRODUCT_NAME = "$(TARGET_NAME)";
				SWIFT_EMIT_LOC_STRINGS = NO;
				SWIFT_VERSION = 5.0;
				TARGETED_DEVICE_FAMILY = "1,2";
				TEST_HOST = "$(BUILT_PRODUCTS_DIR)/Ashwaat.app/$(BUNDLE_EXECUTABLE_FOLDER_PATH)/Ashwaat";
			};
			name = Debug;
		};
		3258FA8C2DCBD78F00413C98 /* Release */ = {
			isa = XCBuildConfiguration;
			buildSettings = {
				BUNDLE_LOADER = "$(TEST_HOST)";
				CODE_SIGN_STYLE = Automatic;
				CURRENT_PROJECT_VERSION = 1;
				DEVELOPMENT_TEAM = WVVL9YZMLF;
				GENERATE_INFOPLIST_FILE = YES;
				IPHONEOS_DEPLOYMENT_TARGET = 18.2;
				MARKETING_VERSION = 1.0;
				PRODUCT_BUNDLE_IDENTIFIER = "Maryam.Ashwaat0-1Tests";
				PRODUCT_NAME = "$(TARGET_NAME)";
				SWIFT_EMIT_LOC_STRINGS = NO;
				SWIFT_VERSION = 5.0;
				TARGETED_DEVICE_FAMILY = "1,2";
				TEST_HOST = "$(BUILT_PRODUCTS_DIR)/Ashwaat.app/$(BUNDLE_EXECUTABLE_FOLDER_PATH)/Ashwaat";
			};
			name = Release;
		};
		3258FA8E2DCBD78F00413C98 /* Debug */ = {
			isa = XCBuildConfiguration;
			buildSettings = {
				CODE_SIGN_STYLE = Automatic;
				CURRENT_PROJECT_VERSION = 1;
				DEVELOPMENT_TEAM = WVVL9YZMLF;
				GENERATE_INFOPLIST_FILE = YES;
				MARKETING_VERSION = 1.0;
				PRODUCT_BUNDLE_IDENTIFIER = "Maryam.Ashwaat0-1UITests";
				PRODUCT_NAME = "$(TARGET_NAME)";
				SWIFT_EMIT_LOC_STRINGS = NO;
				SWIFT_VERSION = 5.0;
				TARGETED_DEVICE_FAMILY = "1,2";
				TEST_TARGET_NAME = Ashwaat0.1;
			};
			name = Debug;
		};
		3258FA8F2DCBD78F00413C98 /* Release */ = {
			isa = XCBuildConfiguration;
			buildSettings = {
				CODE_SIGN_STYLE = Automatic;
				CURRENT_PROJECT_VERSION = 1;
				DEVELOPMENT_TEAM = WVVL9YZMLF;
				GENERATE_INFOPLIST_FILE = YES;
				MARKETING_VERSION = 1.0;
				PRODUCT_BUNDLE_IDENTIFIER = "Maryam.Ashwaat0-1UITests";
				PRODUCT_NAME = "$(TARGET_NAME)";
				SWIFT_EMIT_LOC_STRINGS = NO;
				SWIFT_VERSION = 5.0;
				TARGETED_DEVICE_FAMILY = "1,2";
				TEST_TARGET_NAME = Ashwaat0.1;
			};
			name = Release;
		};
		75903DA82DE2DDF500AAE07D /* Debug */ = {
			isa = XCBuildConfiguration;
			buildSettings = {
				ASSETCATALOG_COMPILER_GLOBAL_ACCENT_COLOR_NAME = AccentColor;
				ASSETCATALOG_COMPILER_WIDGET_BACKGROUND_COLOR_NAME = WidgetBackground;
				CODE_SIGN_STYLE = Automatic;
				CURRENT_PROJECT_VERSION = 1;
				DEVELOPMENT_TEAM = WVVL9YZMLF;
				GENERATE_INFOPLIST_FILE = YES;
				INFOPLIST_FILE = TrackerLV/Info.plist;
				INFOPLIST_KEY_CFBundleDisplayName = TrackerLV;
				INFOPLIST_KEY_NSHumanReadableCopyright = "";
				INFOPLIST_KEY_NSSupportsLiveActivities = YES;
				IPHONEOS_DEPLOYMENT_TARGET = 18.4;
				LD_RUNPATH_SEARCH_PATHS = (
					"$(inherited)",
					"@executable_path/Frameworks",
					"@executable_path/../../Frameworks",
				);
				MARKETING_VERSION = 1.0;
				PRODUCT_BUNDLE_IDENTIFIER = com.Maryam.Ashwaat;
				PRODUCT_NAME = "$(TARGET_NAME)";
				SKIP_INSTALL = YES;
				SWIFT_EMIT_LOC_STRINGS = YES;
				SWIFT_VERSION = 5.0;
				TARGETED_DEVICE_FAMILY = "1,2";
			};
			name = Debug;
		};
		75903DA92DE2DDF500AAE07D /* Release */ = {
			isa = XCBuildConfiguration;
			buildSettings = {
				ASSETCATALOG_COMPILER_GLOBAL_ACCENT_COLOR_NAME = AccentColor;
				ASSETCATALOG_COMPILER_WIDGET_BACKGROUND_COLOR_NAME = WidgetBackground;
				CODE_SIGN_STYLE = Automatic;
				CURRENT_PROJECT_VERSION = 1;
				DEVELOPMENT_TEAM = WVVL9YZMLF;
				GENERATE_INFOPLIST_FILE = YES;
				INFOPLIST_FILE = TrackerLV/Info.plist;
				INFOPLIST_KEY_CFBundleDisplayName = TrackerLV;
				INFOPLIST_KEY_NSHumanReadableCopyright = "";
				INFOPLIST_KEY_NSSupportsLiveActivities = YES;
				IPHONEOS_DEPLOYMENT_TARGET = 18.4;
				LD_RUNPATH_SEARCH_PATHS = (
					"$(inherited)",
					"@executable_path/Frameworks",
					"@executable_path/../../Frameworks",
				);
				MARKETING_VERSION = 1.0;
				PRODUCT_BUNDLE_IDENTIFIER = com.Maryam.Ashwaat;
				PRODUCT_NAME = "$(TARGET_NAME)";
				SKIP_INSTALL = YES;
				SWIFT_EMIT_LOC_STRINGS = YES;
				SWIFT_VERSION = 5.0;
				TARGETED_DEVICE_FAMILY = "1,2";
			};
			name = Release;
		};
/* End XCBuildConfiguration section */

/* Begin XCConfigurationList section */
		3214CD2F2DDA5C3D00C4A9B0 /* Build configuration list for PBXNativeTarget "AshwaatIntents" */ = {
			isa = XCConfigurationList;
			buildConfigurations = (
				3214CD2C2DDA5C3D00C4A9B0 /* Debug */,
				3214CD2D2DDA5C3D00C4A9B0 /* Release */,
			);
			defaultConfigurationIsVisible = 0;
			defaultConfigurationName = Release;
		};
		3258FA5E2DCBD78E00413C98 /* Build configuration list for PBXProject "Ashwaat" */ = {
			isa = XCConfigurationList;
			buildConfigurations = (
				3258FA852DCBD78F00413C98 /* Debug */,
				3258FA862DCBD78F00413C98 /* Release */,
			);
			defaultConfigurationIsVisible = 0;
			defaultConfigurationName = Release;
		};
		3258FA872DCBD78F00413C98 /* Build configuration list for PBXNativeTarget "Ashwaat" */ = {
			isa = XCConfigurationList;
			buildConfigurations = (
				3258FA882DCBD78F00413C98 /* Debug */,
				3258FA892DCBD78F00413C98 /* Release */,
			);
			defaultConfigurationIsVisible = 0;
			defaultConfigurationName = Release;
		};
		3258FA8A2DCBD78F00413C98 /* Build configuration list for PBXNativeTarget "AshwaatTests" */ = {
			isa = XCConfigurationList;
			buildConfigurations = (
				3258FA8B2DCBD78F00413C98 /* Debug */,
				3258FA8C2DCBD78F00413C98 /* Release */,
			);
			defaultConfigurationIsVisible = 0;
			defaultConfigurationName = Release;
		};
		3258FA8D2DCBD78F00413C98 /* Build configuration list for PBXNativeTarget "AshwaatUITests" */ = {
			isa = XCConfigurationList;
			buildConfigurations = (
				3258FA8E2DCBD78F00413C98 /* Debug */,
				3258FA8F2DCBD78F00413C98 /* Release */,
			);
			defaultConfigurationIsVisible = 0;
			defaultConfigurationName = Release;
		};
		75903DA72DE2DDF500AAE07D /* Build configuration list for PBXNativeTarget "TrackerLVExtension" */ = {
			isa = XCConfigurationList;
			buildConfigurations = (
				75903DA82DE2DDF500AAE07D /* Debug */,
				75903DA92DE2DDF500AAE07D /* Release */,
			);
			defaultConfigurationIsVisible = 0;
			defaultConfigurationName = Release;
		};
/* End XCConfigurationList section */
	};
	rootObject = 3258FA5B2DCBD78E00413C98 /* Project object */;
}
