// !$*UTF8*$!
{
	archiveVersion = 1;
	classes = {
	};
	objectVersion = 77;
	objects = {

/* Begin PBXBuildFile section */
		A54AF4102DCA099500E9BAB5 /* Localizable.xcstrings in Resources */ = {isa = PBXBuildFile; fileRef = A54AF40F2DCA099500E9BAB5 /* Localizable.xcstrings */; };
		AF9903682DD077EE00E8B37A /* WidgetKit.framework in Frameworks */ = {isa = PBXBuildFile; fileRef = AF9903672DD077ED00E8B37A /* WidgetKit.framework */; };
		AF99036A2DD077EE00E8B37A /* SwiftUI.framework in Frameworks */ = {isa = PBXBuildFile; fileRef = AF9903692DD077EE00E8B37A /* SwiftUI.framework */; };
		AF99037B2DD077EF00E8B37A /* TawafWidgetLiveActivityExtension.appex in Embed Foundation Extensions */ = {isa = PBXBuildFile; fileRef = AF9903652DD077ED00E8B37A /* TawafWidgetLiveActivityExtension.appex */; settings = {ATTRIBUTES = (RemoveHeadersOnCopy, ); }; };
/* End PBXBuildFile section */

/* Begin PBXContainerItemProxy section */
		324C59612DC0A5AB005E8390 /* PBXContainerItemProxy */ = {
			isa = PBXContainerItemProxy;
			containerPortal = 324C59462DC0A5AA005E8390 /* Project object */;
			proxyType = 1;
			remoteGlobalIDString = 324C594D2DC0A5AA005E8390;
			remoteInfo = Ashwaat0.0;
		};
		324C596B2DC0A5AB005E8390 /* PBXContainerItemProxy */ = {
			isa = PBXContainerItemProxy;
			containerPortal = 324C59462DC0A5AA005E8390 /* Project object */;
			proxyType = 1;
			remoteGlobalIDString = 324C594D2DC0A5AA005E8390;
			remoteInfo = Ashwaat0.0;
		};
		AF9903792DD077EF00E8B37A /* PBXContainerItemProxy */ = {
			isa = PBXContainerItemProxy;
			containerPortal = 324C59462DC0A5AA005E8390 /* Project object */;
			proxyType = 1;
			remoteGlobalIDString = AF9903642DD077ED00E8B37A;
			remoteInfo = TawafWidgetLiveActivityExtension;
		};
/* End PBXContainerItemProxy section */

/* Begin PBXCopyFilesBuildPhase section */
		AF9903802DD077EF00E8B37A /* Embed Foundation Extensions */ = {
			isa = PBXCopyFilesBuildPhase;
			buildActionMask = 2147483647;
			dstPath = "";
			dstSubfolderSpec = 13;
			files = (
				AF99037B2DD077EF00E8B37A /* TawafWidgetLiveActivityExtension.appex in Embed Foundation Extensions */,
			);
			name = "Embed Foundation Extensions";
			runOnlyForDeploymentPostprocessing = 0;
		};
/* End PBXCopyFilesBuildPhase section */

/* Begin PBXFileReference section */
		324C594E2DC0A5AA005E8390 /* Ashwaat0.0.app */ = {isa = PBXFileReference; explicitFileType = wrapper.application; includeInIndex = 0; path = Ashwaat0.0.app; sourceTree = BUILT_PRODUCTS_DIR; };
		324C59602DC0A5AB005E8390 /* Ashwaat0.0Tests.xctest */ = {isa = PBXFileReference; explicitFileType = wrapper.cfbundle; includeInIndex = 0; path = Ashwaat0.0Tests.xctest; sourceTree = BUILT_PRODUCTS_DIR; };
		324C596A2DC0A5AB005E8390 /* Ashwaat0.0UITests.xctest */ = {isa = PBXFileReference; explicitFileType = wrapper.cfbundle; includeInIndex = 0; path = Ashwaat0.0UITests.xctest; sourceTree = BUILT_PRODUCTS_DIR; };
		A54AF40F2DCA099500E9BAB5 /* Localizable.xcstrings */ = {isa = PBXFileReference; lastKnownFileType = text.json.xcstrings; path = Localizable.xcstrings; sourceTree = "<group>"; };
		AF9903652DD077ED00E8B37A /* TawafWidgetLiveActivityExtension.appex */ = {isa = PBXFileReference; explicitFileType = "wrapper.app-extension"; includeInIndex = 0; path = TawafWidgetLiveActivityExtension.appex; sourceTree = BUILT_PRODUCTS_DIR; };
		AF9903672DD077ED00E8B37A /* WidgetKit.framework */ = {isa = PBXFileReference; lastKnownFileType = wrapper.framework; name = WidgetKit.framework; path = System/Library/Frameworks/WidgetKit.framework; sourceTree = SDKROOT; };
		AF9903692DD077EE00E8B37A /* SwiftUI.framework */ = {isa = PBXFileReference; lastKnownFileType = wrapper.framework; name = SwiftUI.framework; path = System/Library/Frameworks/SwiftUI.framework; sourceTree = SDKROOT; };
/* End PBXFileReference section */

/* Begin PBXFileSystemSynchronizedRootGroup section */
		324C59502DC0A5AA005E8390 /* Ashwaat0.0 */ = {
			isa = PBXFileSystemSynchronizedRootGroup;
			path = Ashwaat0.0;
			sourceTree = "<group>";
		};
		324C59632DC0A5AB005E8390 /* Ashwaat0.0Tests */ = {
			isa = PBXFileSystemSynchronizedRootGroup;
			path = Ashwaat0.0Tests;
			sourceTree = "<group>";
		};
		324C596D2DC0A5AB005E8390 /* Ashwaat0.0UITests */ = {
			isa = PBXFileSystemSynchronizedRootGroup;
			path = Ashwaat0.0UITests;
			sourceTree = "<group>";
		};
		AF99036B2DD077EE00E8B37A /* TawafWidgetLiveActivity */ = {
			isa = PBXFileSystemSynchronizedRootGroup;
			path = TawafWidgetLiveActivity;
			sourceTree = "<group>";
		};
/* End PBXFileSystemSynchronizedRootGroup section */

/* Begin PBXFrameworksBuildPhase section */
		324C594B2DC0A5AA005E8390 /* Frameworks */ = {
			isa = PBXFrameworksBuildPhase;
			buildActionMask = 2147483647;
			files = (
			);
			runOnlyForDeploymentPostprocessing = 0;
		};
		324C595D2DC0A5AB005E8390 /* Frameworks */ = {
			isa = PBXFrameworksBuildPhase;
			buildActionMask = 2147483647;
			files = (
			);
			runOnlyForDeploymentPostprocessing = 0;
		};
		324C59672DC0A5AB005E8390 /* Frameworks */ = {
			isa = PBXFrameworksBuildPhase;
			buildActionMask = 2147483647;
			files = (
			);
			runOnlyForDeploymentPostprocessing = 0;
		};
		AF9903622DD077ED00E8B37A /* Frameworks */ = {
			isa = PBXFrameworksBuildPhase;
			buildActionMask = 2147483647;
			files = (
				AF99036A2DD077EE00E8B37A /* SwiftUI.framework in Frameworks */,
				AF9903682DD077EE00E8B37A /* WidgetKit.framework in Frameworks */,
			);
			runOnlyForDeploymentPostprocessing = 0;
		};
/* End PBXFrameworksBuildPhase section */

/* Begin PBXGroup section */
		324C59452DC0A5AA005E8390 = {
			isa = PBXGroup;
			children = (
				A54AF40F2DCA099500E9BAB5 /* Localizable.xcstrings */,
				324C59502DC0A5AA005E8390 /* Ashwaat0.0 */,
				324C59632DC0A5AB005E8390 /* Ashwaat0.0Tests */,
				324C596D2DC0A5AB005E8390 /* Ashwaat0.0UITests */,
				AF99036B2DD077EE00E8B37A /* TawafWidgetLiveActivity */,
				AF9903662DD077ED00E8B37A /* Frameworks */,
				324C594F2DC0A5AA005E8390 /* Products */,
			);
			sourceTree = "<group>";
		};
		324C594F2DC0A5AA005E8390 /* Products */ = {
			isa = PBXGroup;
			children = (
				324C594E2DC0A5AA005E8390 /* Ashwaat0.0.app */,
				324C59602DC0A5AB005E8390 /* Ashwaat0.0Tests.xctest */,
				324C596A2DC0A5AB005E8390 /* Ashwaat0.0UITests.xctest */,
				AF9903652DD077ED00E8B37A /* TawafWidgetLiveActivityExtension.appex */,
			);
			name = Products;
			sourceTree = "<group>";
		};
		AF9903662DD077ED00E8B37A /* Frameworks */ = {
			isa = PBXGroup;
			children = (
				AF9903672DD077ED00E8B37A /* WidgetKit.framework */,
				AF9903692DD077EE00E8B37A /* SwiftUI.framework */,
			);
			name = Frameworks;
			sourceTree = "<group>";
		};
/* End PBXGroup section */

/* Begin PBXNativeTarget section */
		324C594D2DC0A5AA005E8390 /* Ashwaat0.0 */ = {
			isa = PBXNativeTarget;
			buildConfigurationList = 324C59742DC0A5AB005E8390 /* Build configuration list for PBXNativeTarget "Ashwaat0.0" */;
			buildPhases = (
				324C594A2DC0A5AA005E8390 /* Sources */,
				324C594B2DC0A5AA005E8390 /* Frameworks */,
				324C594C2DC0A5AA005E8390 /* Resources */,
				AF9903802DD077EF00E8B37A /* Embed Foundation Extensions */,
			);
			buildRules = (
			);
			dependencies = (
				AF99037A2DD077EF00E8B37A /* PBXTargetDependency */,
			);
			fileSystemSynchronizedGroups = (
				324C59502DC0A5AA005E8390 /* Ashwaat0.0 */,
			);
			name = Ashwaat0.0;
			packageProductDependencies = (
			);
			productName = Ashwaat0.0;
			productReference = 324C594E2DC0A5AA005E8390 /* Ashwaat0.0.app */;
			productType = "com.apple.product-type.application";
		};
		324C595F2DC0A5AB005E8390 /* Ashwaat0.0Tests */ = {
			isa = PBXNativeTarget;
			buildConfigurationList = 324C59772DC0A5AB005E8390 /* Build configuration list for PBXNativeTarget "Ashwaat0.0Tests" */;
			buildPhases = (
				324C595C2DC0A5AB005E8390 /* Sources */,
				324C595D2DC0A5AB005E8390 /* Frameworks */,
				324C595E2DC0A5AB005E8390 /* Resources */,
			);
			buildRules = (
			);
			dependencies = (
				324C59622DC0A5AB005E8390 /* PBXTargetDependency */,
			);
			fileSystemSynchronizedGroups = (
				324C59632DC0A5AB005E8390 /* Ashwaat0.0Tests */,
			);
			name = Ashwaat0.0Tests;
			packageProductDependencies = (
			);
			productName = Ashwaat0.0Tests;
			productReference = 324C59602DC0A5AB005E8390 /* Ashwaat0.0Tests.xctest */;
			productType = "com.apple.product-type.bundle.unit-test";
		};
		324C59692DC0A5AB005E8390 /* Ashwaat0.0UITests */ = {
			isa = PBXNativeTarget;
			buildConfigurationList = 324C597A2DC0A5AB005E8390 /* Build configuration list for PBXNativeTarget "Ashwaat0.0UITests" */;
			buildPhases = (
				324C59662DC0A5AB005E8390 /* Sources */,
				324C59672DC0A5AB005E8390 /* Frameworks */,
				324C59682DC0A5AB005E8390 /* Resources */,
			);
			buildRules = (
			);
			dependencies = (
				324C596C2DC0A5AB005E8390 /* PBXTargetDependency */,
			);
			fileSystemSynchronizedGroups = (
				324C596D2DC0A5AB005E8390 /* Ashwaat0.0UITests */,
			);
			name = Ashwaat0.0UITests;
			packageProductDependencies = (
			);
			productName = Ashwaat0.0UITests;
			productReference = 324C596A2DC0A5AB005E8390 /* Ashwaat0.0UITests.xctest */;
			productType = "com.apple.product-type.bundle.ui-testing";
		};
		AF9903642DD077ED00E8B37A /* TawafWidgetLiveActivityExtension */ = {
			isa = PBXNativeTarget;
			buildConfigurationList = AF99037D2DD077EF00E8B37A /* Build configuration list for PBXNativeTarget "TawafWidgetLiveActivityExtension" */;
			buildPhases = (
				AF9903612DD077ED00E8B37A /* Sources */,
				AF9903622DD077ED00E8B37A /* Frameworks */,
				AF9903632DD077ED00E8B37A /* Resources */,
			);
			buildRules = (
			);
			dependencies = (
			);
			fileSystemSynchronizedGroups = (
				AF99036B2DD077EE00E8B37A /* TawafWidgetLiveActivity */,
			);
			name = TawafWidgetLiveActivityExtension;
			packageProductDependencies = (
			);
			productName = TawafWidgetLiveActivityExtension;
			productReference = AF9903652DD077ED00E8B37A /* TawafWidgetLiveActivityExtension.appex */;
			productType = "com.apple.product-type.app-extension";
		};
/* End PBXNativeTarget section */

/* Begin PBXProject section */
		324C59462DC0A5AA005E8390 /* Project object */ = {
			isa = PBXProject;
			attributes = {
				BuildIndependentTargetsInParallel = 1;
				LastSwiftUpdateCheck = 1630;
				LastUpgradeCheck = 1620;
				TargetAttributes = {
					324C594D2DC0A5AA005E8390 = {
						CreatedOnToolsVersion = 16.2;
					};
					324C595F2DC0A5AB005E8390 = {
						CreatedOnToolsVersion = 16.2;
						TestTargetID = 324C594D2DC0A5AA005E8390;
					};
					324C59692DC0A5AB005E8390 = {
						CreatedOnToolsVersion = 16.2;
						TestTargetID = 324C594D2DC0A5AA005E8390;
					};
					AF9903642DD077ED00E8B37A = {
						CreatedOnToolsVersion = 16.3;
					};
				};
			};
			buildConfigurationList = 324C59492DC0A5AA005E8390 /* Build configuration list for PBXProject "Ashwaat0.0" */;
			developmentRegion = en;
			hasScannedForEncodings = 0;
			knownRegions = (
				en,
				Base,
			);
			mainGroup = 324C59452DC0A5AA005E8390;
			minimizedProjectReferenceProxies = 1;
			preferredProjectObjectVersion = 77;
			productRefGroup = 324C594F2DC0A5AA005E8390 /* Products */;
			projectDirPath = "";
			projectRoot = "";
			targets = (
				324C594D2DC0A5AA005E8390 /* Ashwaat0.0 */,
				324C595F2DC0A5AB005E8390 /* Ashwaat0.0Tests */,
				324C59692DC0A5AB005E8390 /* Ashwaat0.0UITests */,
				AF9903642DD077ED00E8B37A /* TawafWidgetLiveActivityExtension */,
			);
		};
/* End PBXProject section */

/* Begin PBXResourcesBuildPhase section */
		324C594C2DC0A5AA005E8390 /* Resources */ = {
			isa = PBXResourcesBuildPhase;
			buildActionMask = 2147483647;
			files = (
				A54AF4102DCA099500E9BAB5 /* Localizable.xcstrings in Resources */,
			);
			runOnlyForDeploymentPostprocessing = 0;
		};
		324C595E2DC0A5AB005E8390 /* Resources */ = {
			isa = PBXResourcesBuildPhase;
			buildActionMask = 2147483647;
			files = (
			);
			runOnlyForDeploymentPostprocessing = 0;
		};
		324C59682DC0A5AB005E8390 /* Resources */ = {
			isa = PBXResourcesBuildPhase;
			buildActionMask = 2147483647;
			files = (
			);
			runOnlyForDeploymentPostprocessing = 0;
		};
		AF9903632DD077ED00E8B37A /* Resources */ = {
			isa = PBXResourcesBuildPhase;
			buildActionMask = 2147483647;
			files = (
			);
			runOnlyForDeploymentPostprocessing = 0;
		};
/* End PBXResourcesBuildPhase section */

/* Begin PBXSourcesBuildPhase section */
		324C594A2DC0A5AA005E8390 /* Sources */ = {
			isa = PBXSourcesBuildPhase;
			buildActionMask = 2147483647;
			files = (
			);
			runOnlyForDeploymentPostprocessing = 0;
		};
		324C595C2DC0A5AB005E8390 /* Sources */ = {
			isa = PBXSourcesBuildPhase;
			buildActionMask = 2147483647;
			files = (
			);
			runOnlyForDeploymentPostprocessing = 0;
		};
		324C59662DC0A5AB005E8390 /* Sources */ = {
			isa = PBXSourcesBuildPhase;
			buildActionMask = 2147483647;
			files = (
			);
			runOnlyForDeploymentPostprocessing = 0;
		};
		AF9903612DD077ED00E8B37A /* Sources */ = {
			isa = PBXSourcesBuildPhase;
			buildActionMask = 2147483647;
			files = (
			);
			runOnlyForDeploymentPostprocessing = 0;
		};
/* End PBXSourcesBuildPhase section */

/* Begin PBXTargetDependency section */
		324C59622DC0A5AB005E8390 /* PBXTargetDependency */ = {
			isa = PBXTargetDependency;
			target = 324C594D2DC0A5AA005E8390 /* Ashwaat0.0 */;
			targetProxy = 324C59612DC0A5AB005E8390 /* PBXContainerItemProxy */;
		};
		324C596C2DC0A5AB005E8390 /* PBXTargetDependency */ = {
			isa = PBXTargetDependency;
			target = 324C594D2DC0A5AA005E8390 /* Ashwaat0.0 */;
			targetProxy = 324C596B2DC0A5AB005E8390 /* PBXContainerItemProxy */;
		};
		AF99037A2DD077EF00E8B37A /* PBXTargetDependency */ = {
			isa = PBXTargetDependency;
			target = AF9903642DD077ED00E8B37A /* TawafWidgetLiveActivityExtension */;
			targetProxy = AF9903792DD077EF00E8B37A /* PBXContainerItemProxy */;
		};
/* End PBXTargetDependency section */

/* Begin XCBuildConfiguration section */
		324C59722DC0A5AB005E8390 /* Debug */ = {
			isa = XCBuildConfiguration;
			buildSettings = {
				ALWAYS_SEARCH_USER_PATHS = NO;
				ASSETCATALOG_COMPILER_GENERATE_SWIFT_ASSET_SYMBOL_EXTENSIONS = YES;
				CLANG_ANALYZER_NONNULL = YES;
				CLANG_ANALYZER_NUMBER_OBJECT_CONVERSION = YES_AGGRESSIVE;
				CLANG_CXX_LANGUAGE_STANDARD = "gnu++20";
				CLANG_ENABLE_MODULES = YES;
				CLANG_ENABLE_OBJC_ARC = YES;
				CLANG_ENABLE_OBJC_WEAK = YES;
				CLANG_WARN_BLOCK_CAPTURE_AUTORELEASING = YES;
				CLANG_WARN_BOOL_CONVERSION = YES;
				CLANG_WARN_COMMA = YES;
				CLANG_WARN_CONSTANT_CONVERSION = YES;
				CLANG_WARN_DEPRECATED_OBJC_IMPLEMENTATIONS = YES;
				CLANG_WARN_DIRECT_OBJC_ISA_USAGE = YES_ERROR;
				CLANG_WARN_DOCUMENTATION_COMMENTS = YES;
				CLANG_WARN_EMPTY_BODY = YES;
				CLANG_WARN_ENUM_CONVERSION = YES;
				CLANG_WARN_INFINITE_RECURSION = YES;
				CLANG_WARN_INT_CONVERSION = YES;
				CLANG_WARN_NON_LITERAL_NULL_CONVERSION = YES;
				CLANG_WARN_OBJC_IMPLICIT_RETAIN_SELF = YES;
				CLANG_WARN_OBJC_LITERAL_CONVERSION = YES;
				CLANG_WARN_OBJC_ROOT_CLASS = YES_ERROR;
				CLANG_WARN_QUOTED_INCLUDE_IN_FRAMEWORK_HEADER = YES;
				CLANG_WARN_RANGE_LOOP_ANALYSIS = YES;
				CLANG_WARN_STRICT_PROTOTYPES = YES;
				CLANG_WARN_SUSPICIOUS_MOVE = YES;
				CLANG_WARN_UNGUARDED_AVAILABILITY = YES_AGGRESSIVE;
				CLANG_WARN_UNREACHABLE_CODE = YES;
				CLANG_WARN__DUPLICATE_METHOD_MATCH = YES;
				COPY_PHASE_STRIP = NO;
				DEBUG_INFORMATION_FORMAT = dwarf;
				ENABLE_STRICT_OBJC_MSGSEND = YES;
				ENABLE_TESTABILITY = YES;
				ENABLE_USER_SCRIPT_SANDBOXING = YES;
				GCC_C_LANGUAGE_STANDARD = gnu17;
				GCC_DYNAMIC_NO_PIC = NO;
				GCC_NO_COMMON_BLOCKS = YES;
				GCC_OPTIMIZATION_LEVEL = 0;
				GCC_PREPROCESSOR_DEFINITIONS = (
					"DEBUG=1",
					"$(inherited)",
				);
				GCC_WARN_64_TO_32_BIT_CONVERSION = YES;
				GCC_WARN_ABOUT_RETURN_TYPE = YES_ERROR;
				GCC_WARN_UNDECLARED_SELECTOR = YES;
				GCC_WARN_UNINITIALIZED_AUTOS = YES_AGGRESSIVE;
				GCC_WARN_UNUSED_FUNCTION = YES;
				GCC_WARN_UNUSED_VARIABLE = YES;
				IPHONEOS_DEPLOYMENT_TARGET = 18.2;
				LOCALIZATION_PREFERS_STRING_CATALOGS = YES;
				MTL_ENABLE_DEBUG_INFO = INCLUDE_SOURCE;
				MTL_FAST_MATH = YES;
				ONLY_ACTIVE_ARCH = YES;
				SDKROOT = iphoneos;
				SWIFT_ACTIVE_COMPILATION_CONDITIONS = "DEBUG $(inherited)";
				SWIFT_OPTIMIZATION_LEVEL = "-Onone";
			};
			name = Debug;
		};
		324C59732DC0A5AB005E8390 /* Release */ = {
			isa = XCBuildConfiguration;
			buildSettings = {
				ALWAYS_SEARCH_USER_PATHS = NO;
				ASSETCATALOG_COMPILER_GENERATE_SWIFT_ASSET_SYMBOL_EXTENSIONS = YES;
				CLANG_ANALYZER_NONNULL = YES;
				CLANG_ANALYZER_NUMBER_OBJECT_CONVERSION = YES_AGGRESSIVE;
				CLANG_CXX_LANGUAGE_STANDARD = "gnu++20";
				CLANG_ENABLE_MODULES = YES;
				CLANG_ENABLE_OBJC_ARC = YES;
				CLANG_ENABLE_OBJC_WEAK = YES;
				CLANG_WARN_BLOCK_CAPTURE_AUTORELEASING = YES;
				CLANG_WARN_BOOL_CONVERSION = YES;
				CLANG_WARN_COMMA = YES;
				CLANG_WARN_CONSTANT_CONVERSION = YES;
				CLANG_WARN_DEPRECATED_OBJC_IMPLEMENTATIONS = YES;
				CLANG_WARN_DIRECT_OBJC_ISA_USAGE = YES_ERROR;
				CLANG_WARN_DOCUMENTATION_COMMENTS = YES;
				CLANG_WARN_EMPTY_BODY = YES;
				CLANG_WARN_ENUM_CONVERSION = YES;
				CLANG_WARN_INFINITE_RECURSION = YES;
				CLANG_WARN_INT_CONVERSION = YES;
				CLANG_WARN_NON_LITERAL_NULL_CONVERSION = YES;
				CLANG_WARN_OBJC_IMPLICIT_RETAIN_SELF = YES;
				CLANG_WARN_OBJC_LITERAL_CONVERSION = YES;
				CLANG_WARN_OBJC_ROOT_CLASS = YES_ERROR;
				CLANG_WARN_QUOTED_INCLUDE_IN_FRAMEWORK_HEADER = YES;
				CLANG_WARN_RANGE_LOOP_ANALYSIS = YES;
				CLANG_WARN_STRICT_PROTOTYPES = YES;
				CLANG_WARN_SUSPICIOUS_MOVE = YES;
				CLANG_WARN_UNGUARDED_AVAILABILITY = YES_AGGRESSIVE;
				CLANG_WARN_UNREACHABLE_CODE = YES;
				CLANG_WARN__DUPLICATE_METHOD_MATCH = YES;
				COPY_PHASE_STRIP = NO;
				DEBUG_INFORMATION_FORMAT = "dwarf-with-dsym";
				ENABLE_NS_ASSERTIONS = NO;
				ENABLE_STRICT_OBJC_MSGSEND = YES;
				ENABLE_USER_SCRIPT_SANDBOXING = YES;
				GCC_C_LANGUAGE_STANDARD = gnu17;
				GCC_NO_COMMON_BLOCKS = YES;
				GCC_WARN_64_TO_32_BIT_CONVERSION = YES;
				GCC_WARN_ABOUT_RETURN_TYPE = YES_ERROR;
				GCC_WARN_UNDECLARED_SELECTOR = YES;
				GCC_WARN_UNINITIALIZED_AUTOS = YES_AGGRESSIVE;
				GCC_WARN_UNUSED_FUNCTION = YES;
				GCC_WARN_UNUSED_VARIABLE = YES;
				IPHONEOS_DEPLOYMENT_TARGET = 18.2;
				LOCALIZATION_PREFERS_STRING_CATALOGS = YES;
				MTL_ENABLE_DEBUG_INFO = NO;
				MTL_FAST_MATH = YES;
				SDKROOT = iphoneos;
				SWIFT_COMPILATION_MODE = wholemodule;
				VALIDATE_PRODUCT = YES;
			};
			name = Release;
		};
		324C59752DC0A5AB005E8390 /* Debug */ = {
			isa = XCBuildConfiguration;
			buildSettings = {
				ASSETCATALOG_COMPILER_APPICON_NAME = AppIcon;
				ASSETCATALOG_COMPILER_GLOBAL_ACCENT_COLOR_NAME = AccentColor;
				CODE_SIGN_ENTITLEMENTS = Ashwaat0.0/Ashwaat0.0.entitlements;
				CODE_SIGN_STYLE = Automatic;
				CURRENT_PROJECT_VERSION = 1;
				DEVELOPMENT_ASSET_PATHS = "\"Ashwaat0.0/Preview Content\"";
				DEVELOPMENT_TEAM = WVVL9YZMLF;
				ENABLE_PREVIEWS = YES;
				GENERATE_INFOPLIST_FILE = YES;
				INFOPLIST_KEY_NSSupportsLiveActivities = YES;
				INFOPLIST_KEY_UIApplicationSceneManifest_Generation = YES;
				INFOPLIST_KEY_UIApplicationSupportsIndirectInputEvents = YES;
				INFOPLIST_KEY_UILaunchScreen_Generation = YES;
				INFOPLIST_KEY_UISupportedInterfaceOrientations_iPad = "UIInterfaceOrientationPortrait UIInterfaceOrientationPortraitUpsideDown UIInterfaceOrientationLandscapeLeft UIInterfaceOrientationLandscapeRight";
				INFOPLIST_KEY_UISupportedInterfaceOrientations_iPhone = "UIInterfaceOrientationPortrait UIInterfaceOrientationLandscapeLeft UIInterfaceOrientationLandscapeRight";
				LD_RUNPATH_SEARCH_PATHS = (
					"$(inherited)",
					"@executable_path/Frameworks",
				);
				MARKETING_VERSION = 1.0;
				PRODUCT_BUNDLE_IDENTIFIER = "Maryam.Ashwaat0-0";
				PRODUCT_NAME = "$(TARGET_NAME)";
				SWIFT_EMIT_LOC_STRINGS = YES;
				SWIFT_VERSION = 5.0;
				TARGETED_DEVICE_FAMILY = "1,2";
			};
			name = Debug;
		};
		324C59762DC0A5AB005E8390 /* Release */ = {
			isa = XCBuildConfiguration;
			buildSettings = {
				ASSETCATALOG_COMPILER_APPICON_NAME = AppIcon;
				ASSETCATALOG_COMPILER_GLOBAL_ACCENT_COLOR_NAME = AccentColor;
				CODE_SIGN_ENTITLEMENTS = Ashwaat0.0/Ashwaat0.0.entitlements;
				CODE_SIGN_STYLE = Automatic;
				CURRENT_PROJECT_VERSION = 1;
				DEVELOPMENT_ASSET_PATHS = "\"Ashwaat0.0/Preview Content\"";
				DEVELOPMENT_TEAM = WVVL9YZMLF;
				ENABLE_PREVIEWS = YES;
				GENERATE_INFOPLIST_FILE = YES;
				INFOPLIST_KEY_NSSupportsLiveActivities = YES;
				INFOPLIST_KEY_UIApplicationSceneManifest_Generation = YES;
				INFOPLIST_KEY_UIApplicationSupportsIndirectInputEvents = YES;
				INFOPLIST_KEY_UILaunchScreen_Generation = YES;
				INFOPLIST_KEY_UISupportedInterfaceOrientations_iPad = "UIInterfaceOrientationPortrait UIInterfaceOrientationPortraitUpsideDown UIInterfaceOrientationLandscapeLeft UIInterfaceOrientationLandscapeRight";
				INFOPLIST_KEY_UISupportedInterfaceOrientations_iPhone = "UIInterfaceOrientationPortrait UIInterfaceOrientationLandscapeLeft UIInterfaceOrientationLandscapeRight";
				LD_RUNPATH_SEARCH_PATHS = (
					"$(inherited)",
					"@executable_path/Frameworks",
				);
				MARKETING_VERSION = 1.0;
				PRODUCT_BUNDLE_IDENTIFIER = "Maryam.Ashwaat0-0";
				PRODUCT_NAME = "$(TARGET_NAME)";
				SWIFT_EMIT_LOC_STRINGS = YES;
				SWIFT_VERSION = 5.0;
				TARGETED_DEVICE_FAMILY = "1,2";
			};
			name = Release;
		};
		324C59782DC0A5AB005E8390 /* Debug */ = {
			isa = XCBuildConfiguration;
			buildSettings = {
				BUNDLE_LOADER = "$(TEST_HOST)";
				CODE_SIGN_STYLE = Automatic;
				CURRENT_PROJECT_VERSION = 1;
				DEVELOPMENT_TEAM = WVVL9YZMLF;
				GENERATE_INFOPLIST_FILE = YES;
				IPHONEOS_DEPLOYMENT_TARGET = 18.2;
				MARKETING_VERSION = 1.0;
				PRODUCT_BUNDLE_IDENTIFIER = "Maryam.Ashwaat0-0Tests";
				PRODUCT_NAME = "$(TARGET_NAME)";
				SWIFT_EMIT_LOC_STRINGS = NO;
				SWIFT_VERSION = 5.0;
				TARGETED_DEVICE_FAMILY = "1,2";
				TEST_HOST = "$(BUILT_PRODUCTS_DIR)/Ashwaat0.0.app/$(BUNDLE_EXECUTABLE_FOLDER_PATH)/Ashwaat0.0";
			};
			name = Debug;
		};
		324C59792DC0A5AB005E8390 /* Release */ = {
			isa = XCBuildConfiguration;
			buildSettings = {
				BUNDLE_LOADER = "$(TEST_HOST)";
				CODE_SIGN_STYLE = Automatic;
				CURRENT_PROJECT_VERSION = 1;
				DEVELOPMENT_TEAM = WVVL9YZMLF;
				GENERATE_INFOPLIST_FILE = YES;
				IPHONEOS_DEPLOYMENT_TARGET = 18.2;
				MARKETING_VERSION = 1.0;
				PRODUCT_BUNDLE_IDENTIFIER = "Maryam.Ashwaat0-0Tests";
				PRODUCT_NAME = "$(TARGET_NAME)";
				SWIFT_EMIT_LOC_STRINGS = NO;
				SWIFT_VERSION = 5.0;
				TARGETED_DEVICE_FAMILY = "1,2";
				TEST_HOST = "$(BUILT_PRODUCTS_DIR)/Ashwaat0.0.app/$(BUNDLE_EXECUTABLE_FOLDER_PATH)/Ashwaat0.0";
			};
			name = Release;
		};
		324C597B2DC0A5AB005E8390 /* Debug */ = {
			isa = XCBuildConfiguration;
			buildSettings = {
				CODE_SIGN_STYLE = Automatic;
				CURRENT_PROJECT_VERSION = 1;
				DEVELOPMENT_TEAM = WVVL9YZMLF;
				GENERATE_INFOPLIST_FILE = YES;
				MARKETING_VERSION = 1.0;
				PRODUCT_BUNDLE_IDENTIFIER = "Maryam.Ashwaat0-0UITests";
				PRODUCT_NAME = "$(TARGET_NAME)";
				SWIFT_EMIT_LOC_STRINGS = NO;
				SWIFT_VERSION = 5.0;
				TARGETED_DEVICE_FAMILY = "1,2";
				TEST_TARGET_NAME = Ashwaat0.0;
			};
			name = Debug;
		};
		324C597C2DC0A5AB005E8390 /* Release */ = {
			isa = XCBuildConfiguration;
			buildSettings = {
				CODE_SIGN_STYLE = Automatic;
				CURRENT_PROJECT_VERSION = 1;
				DEVELOPMENT_TEAM = WVVL9YZMLF;
				GENERATE_INFOPLIST_FILE = YES;
				MARKETING_VERSION = 1.0;
				PRODUCT_BUNDLE_IDENTIFIER = "Maryam.Ashwaat0-0UITests";
				PRODUCT_NAME = "$(TARGET_NAME)";
				SWIFT_EMIT_LOC_STRINGS = NO;
				SWIFT_VERSION = 5.0;
				TARGETED_DEVICE_FAMILY = "1,2";
				TEST_TARGET_NAME = Ashwaat0.0;
			};
			name = Release;
		};
		AF99037E2DD077EF00E8B37A /* Debug */ = {
			isa = XCBuildConfiguration;
			buildSettings = {
				ASSETCATALOG_COMPILER_GLOBAL_ACCENT_COLOR_NAME = AccentColor;
				ASSETCATALOG_COMPILER_WIDGET_BACKGROUND_COLOR_NAME = WidgetBackground;
				CODE_SIGN_STYLE = Automatic;
				CURRENT_PROJECT_VERSION = 1;
				DEVELOPMENT_TEAM = WVVL9YZMLF;
				GENERATE_INFOPLIST_FILE = YES;
				INFOPLIST_FILE = TawafWidgetLiveActivity/Info.plist;
				INFOPLIST_KEY_CFBundleDisplayName = TawafWidgetLiveActivity;
				INFOPLIST_KEY_NSHumanReadableCopyright = "";
				IPHONEOS_DEPLOYMENT_TARGET = 18.4;
				LD_RUNPATH_SEARCH_PATHS = (
					"$(inherited)",
					"@executable_path/Frameworks",
					"@executable_path/../../Frameworks",
				);
				MARKETING_VERSION = 1.0;
				PRODUCT_BUNDLE_IDENTIFIER = "Maryam.Ashwaat0-0.TawafWidgetLiveActivity";
				PRODUCT_NAME = "$(TARGET_NAME)";
				SKIP_INSTALL = YES;
				SWIFT_EMIT_LOC_STRINGS = YES;
				SWIFT_VERSION = 5.0;
				TARGETED_DEVICE_FAMILY = "1,2";
			};
			name = Debug;
		};
		AF99037F2DD077EF00E8B37A /* Release */ = {
			isa = XCBuildConfiguration;
			buildSettings = {
				ASSETCATALOG_COMPILER_GLOBAL_ACCENT_COLOR_NAME = AccentColor;
				ASSETCATALOG_COMPILER_WIDGET_BACKGROUND_COLOR_NAME = WidgetBackground;
				CODE_SIGN_STYLE = Automatic;
				CURRENT_PROJECT_VERSION = 1;
				DEVELOPMENT_TEAM = WVVL9YZMLF;
				GENERATE_INFOPLIST_FILE = YES;
				INFOPLIST_FILE = TawafWidgetLiveActivity/Info.plist;
				INFOPLIST_KEY_CFBundleDisplayName = TawafWidgetLiveActivity;
				INFOPLIST_KEY_NSHumanReadableCopyright = "";
				IPHONEOS_DEPLOYMENT_TARGET = 18.4;
				LD_RUNPATH_SEARCH_PATHS = (
					"$(inherited)",
					"@executable_path/Frameworks",
					"@executable_path/../../Frameworks",
				);
				MARKETING_VERSION = 1.0;
				PRODUCT_BUNDLE_IDENTIFIER = "Maryam.Ashwaat0-0.TawafWidgetLiveActivity";
				PRODUCT_NAME = "$(TARGET_NAME)";
				SKIP_INSTALL = YES;
				SWIFT_EMIT_LOC_STRINGS = YES;
				SWIFT_VERSION = 5.0;
				TARGETED_DEVICE_FAMILY = "1,2";
			};
			name = Release;
		};
/* End XCBuildConfiguration section */

/* Begin XCConfigurationList section */
		324C59492DC0A5AA005E8390 /* Build configuration list for PBXProject "Ashwaat0.0" */ = {
			isa = XCConfigurationList;
			buildConfigurations = (
				324C59722DC0A5AB005E8390 /* Debug */,
				324C59732DC0A5AB005E8390 /* Release */,
			);
			defaultConfigurationIsVisible = 0;
			defaultConfigurationName = Release;
		};
		324C59742DC0A5AB005E8390 /* Build configuration list for PBXNativeTarget "Ashwaat0.0" */ = {
			isa = XCConfigurationList;
			buildConfigurations = (
				324C59752DC0A5AB005E8390 /* Debug */,
				324C59762DC0A5AB005E8390 /* Release */,
			);
			defaultConfigurationIsVisible = 0;
			defaultConfigurationName = Release;
		};
		324C59772DC0A5AB005E8390 /* Build configuration list for PBXNativeTarget "Ashwaat0.0Tests" */ = {
			isa = XCConfigurationList;
			buildConfigurations = (
				324C59782DC0A5AB005E8390 /* Debug */,
				324C59792DC0A5AB005E8390 /* Release */,
			);
			defaultConfigurationIsVisible = 0;
			defaultConfigurationName = Release;
		};
		324C597A2DC0A5AB005E8390 /* Build configuration list for PBXNativeTarget "Ashwaat0.0UITests" */ = {
			isa = XCConfigurationList;
			buildConfigurations = (
				324C597B2DC0A5AB005E8390 /* Debug */,
				324C597C2DC0A5AB005E8390 /* Release */,
			);
			defaultConfigurationIsVisible = 0;
			defaultConfigurationName = Release;
		};
		AF99037D2DD077EF00E8B37A /* Build configuration list for PBXNativeTarget "TawafWidgetLiveActivityExtension" */ = {
			isa = XCConfigurationList;
			buildConfigurations = (
				AF99037E2DD077EF00E8B37A /* Debug */,
				AF99037F2DD077EF00E8B37A /* Release */,
			);
			defaultConfigurationIsVisible = 0;
			defaultConfigurationName = Release;
		};
/* End XCConfigurationList section */
	};
	rootObject = 324C59462DC0A5AA005E8390 /* Project object */;
}
